
Microsoft Visual Studio Solution File, Format Version 12.00
# Visual Studio Version 16
VisualStudioVersion = 16.0.29102.190
MinimumVisualStudioVersion = 10.0.40219.1
Project("{FAE04EC0-301F-11D3-BF4B-00C04F79EFBC}") = "SubInvestorSetup", "SubInvestorSetup\SubInvestorSetup.csproj", "{B131C9F9-9679-4FBA-B450-F90A4641BD85}"
EndProject
Global
	GlobalSection(SolutionConfigurationPlatforms) = preSolution
		Debug|Any CPU = Debug|Any CPU
		Release|Any CPU = Release|Any CPU
	EndGlobalSection
	GlobalSection(ProjectConfigurationPlatforms) = postSolution
		{B131C9F9-9679-4FBA-B450-F90A4641BD85}.Debug|Any CPU.ActiveCfg = Debug|Any CPU
		{B131C9F9-9679-4FBA-B450-F90A4641BD85}.Debug|Any CPU.Build.0 = Debug|Any CPU
		{B131C9F9-9679-4FBA-B450-F90A4641BD85}.Release|Any CPU.ActiveCfg = Release|Any CPU
		{B131C9F9-9679-4FBA-B450-F90A4641BD85}.Release|Any CPU.Build.0 = Release|Any CPU
	EndGlobalSection
	GlobalSection(SolutionProperties) = preSolution
		HideSolutionNode = FALSE
	EndGlobalSection
	GlobalSection(ExtensibilityGlobals) = postSolution
		SolutionGuid = {CD270DF0-B378-44C9-8208-57B09D43BF72}
	EndGlobalSection
EndGlobal
